
Microsoft Visual Studio Solution File, Format Version 12.00
# Visual Studio Version 16
VisualStudioVersion = 16.0.30114.105
MinimumVisualStudioVersion = 10.0.40219.1
Project("{9A19103F-16F7-4668-BE54-9A1E7A4F7556}") = "Ecs", "Ecs\Ecs.csproj", "{3C04260E-7BF1-41AE-83C1-CC1A99CD915B}"
EndProject
Global
	GlobalSection(SolutionConfigurationPlatforms) = preSolution
		Debug|Any CPU = Debug|Any CPU
		Release|Any CPU = Release|Any CPU
	EndGlobalSection
	GlobalSection(ProjectConfigurationPlatforms) = postSolution
		{3C04260E-7BF1-41AE-83C1-CC1A99CD915B}.Debug|Any CPU.ActiveCfg = Debug|Any CPU
		{3C04260E-7BF1-41AE-83C1-CC1A99CD915B}.Debug|Any CPU.Build.0 = Debug|Any CPU
		{3C04260E-7BF1-41AE-83C1-CC1A99CD915B}.Release|Any CPU.ActiveCfg = Release|Any CPU
		{3C04260E-7BF1-41AE-83C1-CC1A99CD915B}.Release|Any CPU.Build.0 = Release|Any CPU
	EndGlobalSection
	GlobalSection(SolutionProperties) = preSolution
		HideSolutionNode = FALSE
	EndGlobalSection
	GlobalSection(ExtensibilityGlobals) = postSolution
		SolutionGuid = {66E53FAA-DC61-4E51-8143-AB6AEF72BA4B}
	EndGlobalSection
EndGlobal
